
Microsoft Visual Studio Solution File, Format Version 12.00
# Visual Studio Version 16
VisualStudioVersion = 16.0.29519.181
MinimumVisualStudioVersion = 10.0.40219.1
Project("{FAE04EC0-301F-11D3-BF4B-00C04F79EFBC}") = "WebScraper", "WebScraper\WebScraper.csproj", "{87AD0BF9-2147-466B-B4CC-EDDB69EA1E1C}"
EndProject
Global
	GlobalSection(SolutionConfigurationPlatforms) = preSolution
		Debug|Any CPU = Debug|Any CPU
		Release|Any CPU = Release|Any CPU
	EndGlobalSection
	GlobalSection(ProjectConfigurationPlatforms) = postSolution
		{87AD0BF9-2147-466B-B4CC-EDDB69EA1E1C}.Debug|Any CPU.ActiveCfg = Debug|Any CPU
		{87AD0BF9-2147-466B-B4CC-EDDB69EA1E1C}.Debug|Any CPU.Build.0 = Debug|Any CPU
		{87AD0BF9-2147-466B-B4CC-EDDB69EA1E1C}.Release|Any CPU.ActiveCfg = Release|Any CPU
		{87AD0BF9-2147-466B-B4CC-EDDB69EA1E1C}.Release|Any CPU.Build.0 = Release|Any CPU
	EndGlobalSection
	GlobalSection(SolutionProperties) = preSolution
		HideSolutionNode = FALSE
	EndGlobalSection
	GlobalSection(ExtensibilityGlobals) = postSolution
		SolutionGuid = {60767F79-FD08-4D59-82C4-97760C52FB25}
	EndGlobalSection
EndGlobal
